github.com/defenseunicorns/defense-unicorns-hugo-theme v0.3.9 h1:o2ptq0ozp8x5R61Ik0E08YI3VEBjJGwUvKs8sRleUC8=
github.com/defenseunicorns/defense-unicorns-hugo-theme v0.3.9/go.mod h1:qOBlMoMnovWO8PwmHAlpR7WfPLOJiiq4+XIrVblRb8g=
github.com/defenseunicorns/defense-unicorns-hugo-theme/dependencies v0.3.9 h1:nz4Aiu+ISXKESXgTjPyDyR9L708XjszH6lnQAGFAAVI=
github.com/defenseunicorns/defense-unicorns-hugo-theme/dependencies v0.3.9/go.mod h1:zQT7gnRyPnVCNxREasYkyewPJLhemxlOGZhbu+9mcfQ=
